// !$*UTF8*$!
{
	archiveVersion = 1;
	classes = {
	};
	objectVersion = 46;
	objects = {

/* Begin PBXBuildFile section */
		045D20C2AD2763F95EE1D7A8 /* Pods_nickpickTests.framework in Frameworks */ = {isa = PBXBuildFile; fileRef = D40D6F062C450123B2F9585C /* Pods_nickpickTests.framework */; };
		4A9F9031E9F57D5905B919A6 /* ProductTests.swift in Sources */ = {isa = PBXBuildFile; fileRef = 4A9F96727F38103FADD6F732 /* ProductTests.swift */; };
		4A9F982A330E6B6840C35958 /* ProductDescriptionViewModel.swift in Sources */ = {isa = PBXBuildFile; fileRef = 4A9F95BA5DF5DD690C5DE088 /* ProductDescriptionViewModel.swift */; };
		4A9F9AB85178371564C2F233 /* FoundationExtensions.swift in Sources */ = {isa = PBXBuildFile; fileRef = 4A9F9AD5742D579E5ED1F691 /* FoundationExtensions.swift */; };
		4A9F9B02051C998DAF66BF38 /* FoundationExtensionsTests.swift in Sources */ = {isa = PBXBuildFile; fileRef = 4A9F920E9138943C5EA15C4E /* FoundationExtensionsTests.swift */; };
		4A9F9D39CF6FC06E0524C6F3 /* Product.swift in Sources */ = {isa = PBXBuildFile; fileRef = AE5082421DE6203900CAD295 /* Product.swift */; };
		4A9F9E40CA9AE3F67E655B9F /* FoundationExtensions.swift in Sources */ = {isa = PBXBuildFile; fileRef = 4A9F9AD5742D579E5ED1F691 /* FoundationExtensions.swift */; };
		AE5082051DE5F50400CAD295 /* AppDelegate.swift in Sources */ = {isa = PBXBuildFile; fileRef = AE5082041DE5F50400CAD295 /* AppDelegate.swift */; };
		AE50820A1DE5F50400CAD295 /* Main.storyboard in Resources */ = {isa = PBXBuildFile; fileRef = AE5082081DE5F50400CAD295 /* Main.storyboard */; };
		AE50820C1DE5F50400CAD295 /* Assets.xcassets in Resources */ = {isa = PBXBuildFile; fileRef = AE50820B1DE5F50400CAD295 /* Assets.xcassets */; };
		AE50820F1DE5F50400CAD295 /* LaunchScreen.storyboard in Resources */ = {isa = PBXBuildFile; fileRef = AE50820D1DE5F50400CAD295 /* LaunchScreen.storyboard */; };
		AE5082251DE5F50400CAD295 /* nickpickUITests.swift in Sources */ = {isa = PBXBuildFile; fileRef = AE5082241DE5F50400CAD295 /* nickpickUITests.swift */; };
		AE5082351DE611EE00CAD295 /* ProductListViewController.swift in Sources */ = {isa = PBXBuildFile; fileRef = AE5082341DE611EE00CAD295 /* ProductListViewController.swift */; };
		AE5082371DE6121600CAD295 /* ProductDescriptionViewController.swift in Sources */ = {isa = PBXBuildFile; fileRef = AE5082361DE6121600CAD295 /* ProductDescriptionViewController.swift */; };
		AE50823A1DE6184A00CAD295 /* Stylesheet.swift in Sources */ = {isa = PBXBuildFile; fileRef = AE5082391DE6184A00CAD295 /* Stylesheet.swift */; };
		AE50823C1DE61F4700CAD295 /* ProductListViewModel.swift in Sources */ = {isa = PBXBuildFile; fileRef = AE50823B1DE61F4700CAD295 /* ProductListViewModel.swift */; };
		AE50823F1DE61F7200CAD295 /* ProductListCollectionViewCell.swift in Sources */ = {isa = PBXBuildFile; fileRef = AE50823D1DE61F7200CAD295 /* ProductListCollectionViewCell.swift */; };
		AE5082401DE61F7200CAD295 /* ProductListCollectionViewCell.xib in Resources */ = {isa = PBXBuildFile; fileRef = AE50823E1DE61F7200CAD295 /* ProductListCollectionViewCell.xib */; };
		AE5082431DE6203900CAD295 /* Product.swift in Sources */ = {isa = PBXBuildFile; fileRef = AE5082421DE6203900CAD295 /* Product.swift */; };
		AE5082461DE62D6100CAD295 /* ProductService.swift in Sources */ = {isa = PBXBuildFile; fileRef = AE5082451DE62D6100CAD295 /* ProductService.swift */; };
		AE5082481DE63FDA00CAD295 /* ProductListCollectionViewFlowLayout.swift in Sources */ = {isa = PBXBuildFile; fileRef = AE5082471DE63FDA00CAD295 /* ProductListCollectionViewFlowLayout.swift */; };
		C7A30BA29451F53F9ED86114 /* Pods_nickpick.framework in Frameworks */ = {isa = PBXBuildFile; fileRef = 5F4307F9069749F9764CADB6 /* Pods_nickpick.framework */; };
/* End PBXBuildFile section */

/* Begin PBXContainerItemProxy section */
		AE5082161DE5F50400CAD295 /* PBXContainerItemProxy */ = {
			isa = PBXContainerItemProxy;
			containerPortal = AE5081F91DE5F50400CAD295 /* Project object */;
			proxyType = 1;
			remoteGlobalIDString = AE5082001DE5F50400CAD295;
			remoteInfo = nickpick;
		};
		AE5082211DE5F50400CAD295 /* PBXContainerItemProxy */ = {
			isa = PBXContainerItemProxy;
			containerPortal = AE5081F91DE5F50400CAD295 /* Project object */;
			proxyType = 1;
			remoteGlobalIDString = AE5082001DE5F50400CAD295;
			remoteInfo = nickpick;
		};
/* End PBXContainerItemProxy section */

/* Begin PBXFileReference section */
		4752ACB354C93D559D232661 /* Pods-nickpick.release.xcconfig */ = {isa = PBXFileReference; includeInIndex = 1; lastKnownFileType = text.xcconfig; name = "Pods-nickpick.release.xcconfig"; path = "Pods/Target Support Files/Pods-nickpick/Pods-nickpick.release.xcconfig"; sourceTree = "<group>"; };
		4A9F920E9138943C5EA15C4E /* FoundationExtensionsTests.swift */ = {isa = PBXFileReference; fileEncoding = 4; lastKnownFileType = sourcecode.swift; path = FoundationExtensionsTests.swift; sourceTree = "<group>"; };
		4A9F95BA5DF5DD690C5DE088 /* ProductDescriptionViewModel.swift */ = {isa = PBXFileReference; fileEncoding = 4; lastKnownFileType = sourcecode.swift; name = ProductDescriptionViewModel.swift; path = "Product description/ProductDescriptionViewModel.swift"; sourceTree = "<group>"; };
		4A9F96727F38103FADD6F732 /* ProductTests.swift */ = {isa = PBXFileReference; fileEncoding = 4; lastKnownFileType = sourcecode.swift; path = ProductTests.swift; sourceTree = "<group>"; };
		4A9F9AD5742D579E5ED1F691 /* FoundationExtensions.swift */ = {isa = PBXFileReference; fileEncoding = 4; lastKnownFileType = sourcecode.swift; path = FoundationExtensions.swift; sourceTree = "<group>"; };
		5294281EF84F1C19519AA5C1 /* Pods-nickpickTests.debug.xcconfig */ = {isa = PBXFileReference; includeInIndex = 1; lastKnownFileType = text.xcconfig; name = "Pods-nickpickTests.debug.xcconfig"; path = "Pods/Target Support Files/Pods-nickpickTests/Pods-nickpickTests.debug.xcconfig"; sourceTree = "<group>"; };
		585CCB19EF6851585958EAAC /* Pods-nickpick.debug.xcconfig */ = {isa = PBXFileReference; includeInIndex = 1; lastKnownFileType = text.xcconfig; name = "Pods-nickpick.debug.xcconfig"; path = "Pods/Target Support Files/Pods-nickpick/Pods-nickpick.debug.xcconfig"; sourceTree = "<group>"; };
		5F4307F9069749F9764CADB6 /* Pods_nickpick.framework */ = {isa = PBXFileReference; explicitFileType = wrapper.framework; includeInIndex = 0; path = Pods_nickpick.framework; sourceTree = BUILT_PRODUCTS_DIR; };
		A231E2D16225DAABD3D8771B /* Pods-nickpickTests.release.xcconfig */ = {isa = PBXFileReference; includeInIndex = 1; lastKnownFileType = text.xcconfig; name = "Pods-nickpickTests.release.xcconfig"; path = "Pods/Target Support Files/Pods-nickpickTests/Pods-nickpickTests.release.xcconfig"; sourceTree = "<group>"; };
		AE5082011DE5F50400CAD295 /* nickpick.app */ = {isa = PBXFileReference; explicitFileType = wrapper.application; includeInIndex = 0; path = nickpick.app; sourceTree = BUILT_PRODUCTS_DIR; };
		AE5082041DE5F50400CAD295 /* AppDelegate.swift */ = {isa = PBXFileReference; lastKnownFileType = sourcecode.swift; path = AppDelegate.swift; sourceTree = "<group>"; };
		AE5082091DE5F50400CAD295 /* Base */ = {isa = PBXFileReference; lastKnownFileType = file.storyboard; name = Base; path = Base.lproj/Main.storyboard; sourceTree = "<group>"; };
		AE50820B1DE5F50400CAD295 /* Assets.xcassets */ = {isa = PBXFileReference; lastKnownFileType = folder.assetcatalog; path = Assets.xcassets; sourceTree = "<group>"; };
		AE50820E1DE5F50400CAD295 /* Base */ = {isa = PBXFileReference; lastKnownFileType = file.storyboard; name = Base; path = Base.lproj/LaunchScreen.storyboard; sourceTree = "<group>"; };
		AE5082101DE5F50400CAD295 /* Info.plist */ = {isa = PBXFileReference; lastKnownFileType = text.plist.xml; path = Info.plist; sourceTree = "<group>"; };
		AE5082151DE5F50400CAD295 /* nickpickTests.xctest */ = {isa = PBXFileReference; explicitFileType = wrapper.cfbundle; includeInIndex = 0; path = nickpickTests.xctest; sourceTree = BUILT_PRODUCTS_DIR; };
		AE50821B1DE5F50400CAD295 /* Info.plist */ = {isa = PBXFileReference; lastKnownFileType = text.plist.xml; path = Info.plist; sourceTree = "<group>"; };
		AE5082201DE5F50400CAD295 /* nickpickUITests.xctest */ = {isa = PBXFileReference; explicitFileType = wrapper.cfbundle; includeInIndex = 0; path = nickpickUITests.xctest; sourceTree = BUILT_PRODUCTS_DIR; };
		AE5082241DE5F50400CAD295 /* nickpickUITests.swift */ = {isa = PBXFileReference; lastKnownFileType = sourcecode.swift; path = nickpickUITests.swift; sourceTree = "<group>"; };
		AE5082261DE5F50400CAD295 /* Info.plist */ = {isa = PBXFileReference; lastKnownFileType = text.plist.xml; path = Info.plist; sourceTree = "<group>"; };
		AE5082341DE611EE00CAD295 /* ProductListViewController.swift */ = {isa = PBXFileReference; fileEncoding = 4; lastKnownFileType = sourcecode.swift; name = ProductListViewController.swift; path = "Product list/ProductListViewController.swift"; sourceTree = "<group>"; };
		AE5082361DE6121600CAD295 /* ProductDescriptionViewController.swift */ = {isa = PBXFileReference; fileEncoding = 4; lastKnownFileType = sourcecode.swift; name = ProductDescriptionViewController.swift; path = "Product description/ProductDescriptionViewController.swift"; sourceTree = "<group>"; };
		AE5082391DE6184A00CAD295 /* Stylesheet.swift */ = {isa = PBXFileReference; fileEncoding = 4; lastKnownFileType = sourcecode.swift; path = Stylesheet.swift; sourceTree = "<group>"; };
		AE50823B1DE61F4700CAD295 /* ProductListViewModel.swift */ = {isa = PBXFileReference; fileEncoding = 4; lastKnownFileType = sourcecode.swift; name = ProductListViewModel.swift; path = "Product list/ProductListViewModel.swift"; sourceTree = "<group>"; };
		AE50823D1DE61F7200CAD295 /* ProductListCollectionViewCell.swift */ = {isa = PBXFileReference; fileEncoding = 4; lastKnownFileType = sourcecode.swift; name = ProductListCollectionViewCell.swift; path = "Product list/ProductListCollectionViewCell.swift"; sourceTree = "<group>"; };
		AE50823E1DE61F7200CAD295 /* ProductListCollectionViewCell.xib */ = {isa = PBXFileReference; fileEncoding = 4; lastKnownFileType = file.xib; name = ProductListCollectionViewCell.xib; path = "Product list/ProductListCollectionViewCell.xib"; sourceTree = "<group>"; };
		AE5082421DE6203900CAD295 /* Product.swift */ = {isa = PBXFileReference; fileEncoding = 4; lastKnownFileType = sourcecode.swift; name = Product.swift; path = Model/Product.swift; sourceTree = "<group>"; };
		AE5082451DE62D6100CAD295 /* ProductService.swift */ = {isa = PBXFileReference; fileEncoding = 4; lastKnownFileType = sourcecode.swift; name = ProductService.swift; path = Service/ProductService.swift; sourceTree = "<group>"; };
		AE5082471DE63FDA00CAD295 /* ProductListCollectionViewFlowLayout.swift */ = {isa = PBXFileReference; fileEncoding = 4; lastKnownFileType = sourcecode.swift; name = ProductListCollectionViewFlowLayout.swift; path = "Product list/ProductListCollectionViewFlowLayout.swift"; sourceTree = "<group>"; };
		D40D6F062C450123B2F9585C /* Pods_nickpickTests.framework */ = {isa = PBXFileReference; explicitFileType = wrapper.framework; includeInIndex = 0; path = Pods_nickpickTests.framework; sourceTree = BUILT_PRODUCTS_DIR; };
/* End PBXFileReference section */

/* Begin PBXFrameworksBuildPhase section */
		AE5081FE1DE5F50400CAD295 /* Frameworks */ = {
			isa = PBXFrameworksBuildPhase;
			buildActionMask = 2147483647;
			files = (
				C7A30BA29451F53F9ED86114 /* Pods_nickpick.framework in Frameworks */,
			);
			runOnlyForDeploymentPostprocessing = 0;
		};
		AE5082121DE5F50400CAD295 /* Frameworks */ = {
			isa = PBXFrameworksBuildPhase;
			buildActionMask = 2147483647;
			files = (
				045D20C2AD2763F95EE1D7A8 /* Pods_nickpickTests.framework in Frameworks */,
			);
			runOnlyForDeploymentPostprocessing = 0;
		};
		AE50821D1DE5F50400CAD295 /* Frameworks */ = {
			isa = PBXFrameworksBuildPhase;
			buildActionMask = 2147483647;
			files = (
			);
			runOnlyForDeploymentPostprocessing = 0;
		};
/* End PBXFrameworksBuildPhase section */

/* Begin PBXGroup section */
		032AC3B14E934CA54C6BDC67 /* Frameworks */ = {
			isa = PBXGroup;
			children = (
				5F4307F9069749F9764CADB6 /* Pods_nickpick.framework */,
				D40D6F062C450123B2F9585C /* Pods_nickpickTests.framework */,
			);
			name = Frameworks;
			sourceTree = "<group>";
		};
		0C861B724F0018875E698EBD /* Pods */ = {
			isa = PBXGroup;
			children = (
				585CCB19EF6851585958EAAC /* Pods-nickpick.debug.xcconfig */,
				4752ACB354C93D559D232661 /* Pods-nickpick.release.xcconfig */,
				5294281EF84F1C19519AA5C1 /* Pods-nickpickTests.debug.xcconfig */,
				A231E2D16225DAABD3D8771B /* Pods-nickpickTests.release.xcconfig */,
			);
			name = Pods;
			sourceTree = "<group>";
		};
		AE5081F81DE5F50400CAD295 = {
			isa = PBXGroup;
			children = (
				AE5082031DE5F50400CAD295 /* nickpick */,
				AE5082181DE5F50400CAD295 /* nickpickTests */,
				AE5082231DE5F50400CAD295 /* nickpickUITests */,
				AE5082021DE5F50400CAD295 /* Products */,
				0C861B724F0018875E698EBD /* Pods */,
				032AC3B14E934CA54C6BDC67 /* Frameworks */,
			);
			sourceTree = "<group>";
		};
		AE5082021DE5F50400CAD295 /* Products */ = {
			isa = PBXGroup;
			children = (
				AE5082011DE5F50400CAD295 /* nickpick.app */,
				AE5082151DE5F50400CAD295 /* nickpickTests.xctest */,
				AE5082201DE5F50400CAD295 /* nickpickUITests.xctest */,
			);
			name = Products;
			sourceTree = "<group>";
		};
		AE5082031DE5F50400CAD295 /* nickpick */ = {
			isa = PBXGroup;
			children = (
				AE5082441DE62D3000CAD295 /* Service */,
				AE5082411DE6201F00CAD295 /* Model */,
				AE5082381DE6183800CAD295 /* Helpers */,
				AE5082331DE611BC00CAD295 /* Product description */,
				AE5082321DE611B400CAD295 /* Product list */,
				AE5082041DE5F50400CAD295 /* AppDelegate.swift */,
				AE5082081DE5F50400CAD295 /* Main.storyboard */,
				AE50820B1DE5F50400CAD295 /* Assets.xcassets */,
				AE50820D1DE5F50400CAD295 /* LaunchScreen.storyboard */,
				AE5082101DE5F50400CAD295 /* Info.plist */,
			);
			path = nickpick;
			sourceTree = "<group>";
		};
		AE5082181DE5F50400CAD295 /* nickpickTests */ = {
			isa = PBXGroup;
			children = (
				AE50821B1DE5F50400CAD295 /* Info.plist */,
				4A9F920E9138943C5EA15C4E /* FoundationExtensionsTests.swift */,
				4A9F96727F38103FADD6F732 /* ProductTests.swift */,
			);
			path = nickpickTests;
			sourceTree = "<group>";
		};
		AE5082231DE5F50400CAD295 /* nickpickUITests */ = {
			isa = PBXGroup;
			children = (
				AE5082241DE5F50400CAD295 /* nickpickUITests.swift */,
				AE5082261DE5F50400CAD295 /* Info.plist */,
			);
			path = nickpickUITests;
			sourceTree = "<group>";
		};
		AE5082321DE611B400CAD295 /* Product list */ = {
			isa = PBXGroup;
			children = (
				AE5082341DE611EE00CAD295 /* ProductListViewController.swift */,
				AE50823B1DE61F4700CAD295 /* ProductListViewModel.swift */,
				AE50823D1DE61F7200CAD295 /* ProductListCollectionViewCell.swift */,
				AE50823E1DE61F7200CAD295 /* ProductListCollectionViewCell.xib */,
				AE5082471DE63FDA00CAD295 /* ProductListCollectionViewFlowLayout.swift */,
			);
			name = "Product list";
			sourceTree = "<group>";
		};
		AE5082331DE611BC00CAD295 /* Product description */ = {
			isa = PBXGroup;
			children = (
				AE5082361DE6121600CAD295 /* ProductDescriptionViewController.swift */,
				4A9F95BA5DF5DD690C5DE088 /* ProductDescriptionViewModel.swift */,
			);
			name = "Product description";
			sourceTree = "<group>";
		};
		AE5082381DE6183800CAD295 /* Helpers */ = {
			isa = PBXGroup;
			children = (
				AE5082391DE6184A00CAD295 /* Stylesheet.swift */,
				4A9F9AD5742D579E5ED1F691 /* FoundationExtensions.swift */,
			);
			name = Helpers;
			sourceTree = "<group>";
		};
		AE5082411DE6201F00CAD295 /* Model */ = {
			isa = PBXGroup;
			children = (
				AE5082421DE6203900CAD295 /* Product.swift */,
			);
			name = Model;
			sourceTree = "<group>";
		};
		AE5082441DE62D3000CAD295 /* Service */ = {
			isa = PBXGroup;
			children = (
				AE5082451DE62D6100CAD295 /* ProductService.swift */,
			);
			name = Service;
			sourceTree = "<group>";
		};
/* End PBXGroup section */

/* Begin PBXNativeTarget section */
		AE5082001DE5F50400CAD295 /* nickpick */ = {
			isa = PBXNativeTarget;
			buildConfigurationList = AE5082291DE5F50400CAD295 /* Build configuration list for PBXNativeTarget "nickpick" */;
			buildPhases = (
				E952960537CA0BFD22D002DB /* [CP] Check Pods Manifest.lock */,
				AE5081FD1DE5F50400CAD295 /* Sources */,
				AE5081FE1DE5F50400CAD295 /* Frameworks */,
				AE5081FF1DE5F50400CAD295 /* Resources */,
				B54088CBBF2F66B4B243FA5B /* [CP] Embed Pods Frameworks */,
				7D1484F745798696E57E4EB3 /* [CP] Copy Pods Resources */,
			);
			buildRules = (
			);
			dependencies = (
			);
			name = nickpick;
			productName = nickpick;
			productReference = AE5082011DE5F50400CAD295 /* nickpick.app */;
			productType = "com.apple.product-type.application";
		};
		AE5082141DE5F50400CAD295 /* nickpickTests */ = {
			isa = PBXNativeTarget;
			buildConfigurationList = AE50822C1DE5F50400CAD295 /* Build configuration list for PBXNativeTarget "nickpickTests" */;
			buildPhases = (
				51B9B37DF6FA914DEDEEB7D3 /* [CP] Check Pods Manifest.lock */,
				AE5082111DE5F50400CAD295 /* Sources */,
				AE5082121DE5F50400CAD295 /* Frameworks */,
				AE5082131DE5F50400CAD295 /* Resources */,
				E1EC442335B9E98F57ACF9CD /* [CP] Embed Pods Frameworks */,
				6C3EA97DEEA38E4D487DD9C4 /* [CP] Copy Pods Resources */,
			);
			buildRules = (
			);
			dependencies = (
				AE5082171DE5F50400CAD295 /* PBXTargetDependency */,
			);
			name = nickpickTests;
			productName = nickpickTests;
			productReference = AE5082151DE5F50400CAD295 /* nickpickTests.xctest */;
			productType = "com.apple.product-type.bundle.unit-test";
		};
		AE50821F1DE5F50400CAD295 /* nickpickUITests */ = {
			isa = PBXNativeTarget;
			buildConfigurationList = AE50822F1DE5F50400CAD295 /* Build configuration list for PBXNativeTarget "nickpickUITests" */;
			buildPhases = (
				AE50821C1DE5F50400CAD295 /* Sources */,
				AE50821D1DE5F50400CAD295 /* Frameworks */,
				AE50821E1DE5F50400CAD295 /* Resources */,
			);
			buildRules = (
			);
			dependencies = (
				AE5082221DE5F50400CAD295 /* PBXTargetDependency */,
			);
			name = nickpickUITests;
			productName = nickpickUITests;
			productReference = AE5082201DE5F50400CAD295 /* nickpickUITests.xctest */;
			productType = "com.apple.product-type.bundle.ui-testing";
		};
/* End PBXNativeTarget section */

/* Begin PBXProject section */
		AE5081F91DE5F50400CAD295 /* Project object */ = {
			isa = PBXProject;
			attributes = {
				LastSwiftUpdateCheck = 0810;
				LastUpgradeCheck = 0810;
				ORGANIZATIONNAME = Zmicier;
				TargetAttributes = {
					AE5082001DE5F50400CAD295 = {
						CreatedOnToolsVersion = 8.1;
						DevelopmentTeam = EC72RBY5Z6;
						ProvisioningStyle = Automatic;
					};
					AE5082141DE5F50400CAD295 = {
						CreatedOnToolsVersion = 8.1;
						ProvisioningStyle = Automatic;
						TestTargetID = AE5082001DE5F50400CAD295;
					};
					AE50821F1DE5F50400CAD295 = {
						CreatedOnToolsVersion = 8.1;
						ProvisioningStyle = Automatic;
						TestTargetID = AE5082001DE5F50400CAD295;
					};
				};
			};
			buildConfigurationList = AE5081FC1DE5F50400CAD295 /* Build configuration list for PBXProject "nickpick" */;
			compatibilityVersion = "Xcode 3.2";
			developmentRegion = English;
			hasScannedForEncodings = 0;
			knownRegions = (
				en,
				Base,
			);
			mainGroup = AE5081F81DE5F50400CAD295;
			productRefGroup = AE5082021DE5F50400CAD295 /* Products */;
			projectDirPath = "";
			projectRoot = "";
			targets = (
				AE5082001DE5F50400CAD295 /* nickpick */,
				AE5082141DE5F50400CAD295 /* nickpickTests */,
				AE50821F1DE5F50400CAD295 /* nickpickUITests */,
			);
		};
/* End PBXProject section */

/* Begin PBXResourcesBuildPhase section */
		AE5081FF1DE5F50400CAD295 /* Resources */ = {
			isa = PBXResourcesBuildPhase;
			buildActionMask = 2147483647;
			files = (
				AE50820F1DE5F50400CAD295 /* LaunchScreen.storyboard in Resources */,
				AE50820C1DE5F50400CAD295 /* Assets.xcassets in Resources */,
				AE5082401DE61F7200CAD295 /* ProductListCollectionViewCell.xib in Resources */,
				AE50820A1DE5F50400CAD295 /* Main.storyboard in Resources */,
			);
			runOnlyForDeploymentPostprocessing = 0;
		};
		AE5082131DE5F50400CAD295 /* Resources */ = {
			isa = PBXResourcesBuildPhase;
			buildActionMask = 2147483647;
			files = (
			);
			runOnlyForDeploymentPostprocessing = 0;
		};
		AE50821E1DE5F50400CAD295 /* Resources */ = {
			isa = PBXResourcesBuildPhase;
			buildActionMask = 2147483647;
			files = (
			);
			runOnlyForDeploymentPostprocessing = 0;
		};
/* End PBXResourcesBuildPhase section */

/* Begin PBXShellScriptBuildPhase section */
		51B9B37DF6FA914DEDEEB7D3 /* [CP] Check Pods Manifest.lock */ = {
			isa = PBXShellScriptBuildPhase;
			buildActionMask = 2147483647;
			files = (
			);
			inputPaths = (
			);
			name = "[CP] Check Pods Manifest.lock";
			outputPaths = (
			);
			runOnlyForDeploymentPostprocessing = 0;
			shellPath = /bin/sh;
			shellScript = "diff \"${PODS_ROOT}/../Podfile.lock\" \"${PODS_ROOT}/Manifest.lock\" > /dev/null\nif [ $? != 0 ] ; then\n    # print error to STDERR\n    echo \"error: The sandbox is not in sync with the Podfile.lock. Run 'pod install' or update your CocoaPods installation.\" >&2\n    exit 1\nfi\n";
			showEnvVarsInLog = 0;
		};
		6C3EA97DEEA38E4D487DD9C4 /* [CP] Copy Pods Resources */ = {
			isa = PBXShellScriptBuildPhase;
			buildActionMask = 2147483647;
			files = (
			);
			inputPaths = (
			);
			name = "[CP] Copy Pods Resources";
			outputPaths = (
			);
			runOnlyForDeploymentPostprocessing = 0;
			shellPath = /bin/sh;
			shellScript = "\"${SRCROOT}/Pods/Target Support Files/Pods-nickpickTests/Pods-nickpickTests-resources.sh\"\n";
			showEnvVarsInLog = 0;
		};
		7D1484F745798696E57E4EB3 /* [CP] Copy Pods Resources */ = {
			isa = PBXShellScriptBuildPhase;
			buildActionMask = 2147483647;
			files = (
			);
			inputPaths = (
			);
			name = "[CP] Copy Pods Resources";
			outputPaths = (
			);
			runOnlyForDeploymentPostprocessing = 0;
			shellPath = /bin/sh;
			shellScript = "\"${SRCROOT}/Pods/Target Support Files/Pods-nickpick/Pods-nickpick-resources.sh\"\n";
			showEnvVarsInLog = 0;
		};
		B54088CBBF2F66B4B243FA5B /* [CP] Embed Pods Frameworks */ = {
			isa = PBXShellScriptBuildPhase;
			buildActionMask = 2147483647;
			files = (
			);
			inputPaths = (
			);
			name = "[CP] Embed Pods Frameworks";
			outputPaths = (
			);
			runOnlyForDeploymentPostprocessing = 0;
			shellPath = /bin/sh;
			shellScript = "\"${SRCROOT}/Pods/Target Support Files/Pods-nickpick/Pods-nickpick-frameworks.sh\"\n";
			showEnvVarsInLog = 0;
		};
		E1EC442335B9E98F57ACF9CD /* [CP] Embed Pods Frameworks */ = {
			isa = PBXShellScriptBuildPhase;
			buildActionMask = 2147483647;
			files = (
			);
			inputPaths = (
			);
			name = "[CP] Embed Pods Frameworks";
			outputPaths = (
			);
			runOnlyForDeploymentPostprocessing = 0;
			shellPath = /bin/sh;
			shellScript = "\"${SRCROOT}/Pods/Target Support Files/Pods-nickpickTests/Pods-nickpickTests-frameworks.sh\"\n";
			showEnvVarsInLog = 0;
		};
		E952960537CA0BFD22D002DB /* [CP] Check Pods Manifest.lock */ = {
			isa = PBXShellScriptBuildPhase;
			buildActionMask = 2147483647;
			files = (
			);
			inputPaths = (
			);
			name = "[CP] Check Pods Manifest.lock";
			outputPaths = (
			);
			runOnlyForDeploymentPostprocessing = 0;
			shellPath = /bin/sh;
			shellScript = "diff \"${PODS_ROOT}/../Podfile.lock\" \"${PODS_ROOT}/Manifest.lock\" > /dev/null\nif [ $? != 0 ] ; then\n    # print error to STDERR\n    echo \"error: The sandbox is not in sync with the Podfile.lock. Run 'pod install' or update your CocoaPods installation.\" >&2\n    exit 1\nfi\n";
			showEnvVarsInLog = 0;
		};
/* End PBXShellScriptBuildPhase section */

/* Begin PBXSourcesBuildPhase section */
		AE5081FD1DE5F50400CAD295 /* Sources */ = {
			isa = PBXSourcesBuildPhase;
			buildActionMask = 2147483647;
			files = (
				AE5082481DE63FDA00CAD295 /* ProductListCollectionViewFlowLayout.swift in Sources */,
				AE5082351DE611EE00CAD295 /* ProductListViewController.swift in Sources */,
				AE5082461DE62D6100CAD295 /* ProductService.swift in Sources */,
				AE50823C1DE61F4700CAD295 /* ProductListViewModel.swift in Sources */,
				AE50823A1DE6184A00CAD295 /* Stylesheet.swift in Sources */,
				AE5082371DE6121600CAD295 /* ProductDescriptionViewController.swift in Sources */,
				AE50823F1DE61F7200CAD295 /* ProductListCollectionViewCell.swift in Sources */,
				AE5082051DE5F50400CAD295 /* AppDelegate.swift in Sources */,
				AE5082431DE6203900CAD295 /* Product.swift in Sources */,
				4A9F982A330E6B6840C35958 /* ProductDescriptionViewModel.swift in Sources */,
				4A9F9E40CA9AE3F67E655B9F /* FoundationExtensions.swift in Sources */,
			);
			runOnlyForDeploymentPostprocessing = 0;
		};
		AE5082111DE5F50400CAD295 /* Sources */ = {
			isa = PBXSourcesBuildPhase;
			buildActionMask = 2147483647;
			files = (
				4A9F9B02051C998DAF66BF38 /* FoundationExtensionsTests.swift in Sources */,
				4A9F9AB85178371564C2F233 /* FoundationExtensions.swift in Sources */,
				4A9F9031E9F57D5905B919A6 /* ProductTests.swift in Sources */,
				4A9F9D39CF6FC06E0524C6F3 /* Product.swift in Sources */,
			);
			runOnlyForDeploymentPostprocessing = 0;
		};
		AE50821C1DE5F50400CAD295 /* Sources */ = {
			isa = PBXSourcesBuildPhase;
			buildActionMask = 2147483647;
			files = (
				AE5082251DE5F50400CAD295 /* nickpickUITests.swift in Sources */,
			);
			runOnlyForDeploymentPostprocessing = 0;
		};
/* End PBXSourcesBuildPhase section */

/* Begin PBXTargetDependency section */
		AE5082171DE5F50400CAD295 /* PBXTargetDependency */ = {
			isa = PBXTargetDependency;
			target = AE5082001DE5F50400CAD295 /* nickpick */;
			targetProxy = AE5082161DE5F50400CAD295 /* PBXContainerItemProxy */;
		};
		AE5082221DE5F50400CAD295 /* PBXTargetDependency */ = {
			isa = PBXTargetDependency;
			target = AE5082001DE5F50400CAD295 /* nickpick */;
			targetProxy = AE5082211DE5F50400CAD295 /* PBXContainerItemProxy */;
		};
/* End PBXTargetDependency section */

/* Begin PBXVariantGroup section */
		AE5082081DE5F50400CAD295 /* Main.storyboard */ = {
			isa = PBXVariantGroup;
			children = (
				AE5082091DE5F50400CAD295 /* Base */,
			);
			name = Main.storyboard;
			sourceTree = "<group>";
		};
		AE50820D1DE5F50400CAD295 /* LaunchScreen.storyboard */ = {
			isa = PBXVariantGroup;
			children = (
				AE50820E1DE5F50400CAD295 /* Base */,
			);
			name = LaunchScreen.storyboard;
			sourceTree = "<group>";
		};
/* End PBXVariantGroup section */

/* Begin XCBuildConfiguration section */
		AE5082271DE5F50400CAD295 /* Debug */ = {
			isa = XCBuildConfiguration;
			buildSettings = {
				ALWAYS_SEARCH_USER_PATHS = NO;
				CLANG_ANALYZER_NONNULL = YES;
				CLANG_CXX_LANGUAGE_STANDARD = "gnu++0x";
				CLANG_CXX_LIBRARY = "libc++";
				CLANG_ENABLE_MODULES = YES;
				CLANG_ENABLE_OBJC_ARC = YES;
				CLANG_WARN_BOOL_CONVERSION = YES;
				CLANG_WARN_CONSTANT_CONVERSION = YES;
				CLANG_WARN_DIRECT_OBJC_ISA_USAGE = YES_ERROR;
				CLANG_WARN_DOCUMENTATION_COMMENTS = YES;
				CLANG_WARN_EMPTY_BODY = YES;
				CLANG_WARN_ENUM_CONVERSION = YES;
				CLANG_WARN_INFINITE_RECURSION = YES;
				CLANG_WARN_INT_CONVERSION = YES;
				CLANG_WARN_OBJC_ROOT_CLASS = YES_ERROR;
				CLANG_WARN_SUSPICIOUS_MOVE = YES;
				CLANG_WARN_SUSPICIOUS_MOVES = YES;
				CLANG_WARN_UNREACHABLE_CODE = YES;
				CLANG_WARN__DUPLICATE_METHOD_MATCH = YES;
				"CODE_SIGN_IDENTITY[sdk=iphoneos*]" = "iPhone Developer";
				COPY_PHASE_STRIP = NO;
				DEBUG_INFORMATION_FORMAT = dwarf;
				ENABLE_STRICT_OBJC_MSGSEND = YES;
				ENABLE_TESTABILITY = YES;
				GCC_C_LANGUAGE_STANDARD = gnu99;
				GCC_DYNAMIC_NO_PIC = NO;
				GCC_NO_COMMON_BLOCKS = YES;
				GCC_OPTIMIZATION_LEVEL = 0;
				GCC_PREPROCESSOR_DEFINITIONS = (
					"DEBUG=1",
					"$(inherited)",
				);
				GCC_WARN_64_TO_32_BIT_CONVERSION = YES;
				GCC_WARN_ABOUT_RETURN_TYPE = YES_ERROR;
				GCC_WARN_UNDECLARED_SELECTOR = YES;
				GCC_WARN_UNINITIALIZED_AUTOS = YES_AGGRESSIVE;
				GCC_WARN_UNUSED_FUNCTION = YES;
				GCC_WARN_UNUSED_VARIABLE = YES;
				IPHONEOS_DEPLOYMENT_TARGET = 10.1;
				MTL_ENABLE_DEBUG_INFO = YES;
				ONLY_ACTIVE_ARCH = YES;
				SDKROOT = iphoneos;
				SWIFT_ACTIVE_COMPILATION_CONDITIONS = DEBUG;
				SWIFT_OPTIMIZATION_LEVEL = "-Onone";
			};
			name = Debug;
		};
		AE5082281DE5F50400CAD295 /* Release */ = {
			isa = XCBuildConfiguration;
			buildSettings = {
				ALWAYS_SEARCH_USER_PATHS = NO;
				CLANG_ANALYZER_NONNULL = YES;
				CLANG_CXX_LANGUAGE_STANDARD = "gnu++0x";
				CLANG_CXX_LIBRARY = "libc++";
				CLANG_ENABLE_MODULES = YES;
				CLANG_ENABLE_OBJC_ARC = YES;
				CLANG_WARN_BOOL_CONVERSION = YES;
				CLANG_WARN_CONSTANT_CONVERSION = YES;
				CLANG_WARN_DIRECT_OBJC_ISA_USAGE = YES_ERROR;
				CLANG_WARN_DOCUMENTATION_COMMENTS = YES;
				CLANG_WARN_EMPTY_BODY = YES;
				CLANG_WARN_ENUM_CONVERSION = YES;
				CLANG_WARN_INFINITE_RECURSION = YES;
				CLANG_WARN_INT_CONVERSION = YES;
				CLANG_WARN_OBJC_ROOT_CLASS = YES_ERROR;
				CLANG_WARN_SUSPICIOUS_MOVE = YES;
				CLANG_WARN_SUSPICIOUS_MOVES = YES;
				CLANG_WARN_UNREACHABLE_CODE = YES;
				CLANG_WARN__DUPLICATE_METHOD_MATCH = YES;
				"CODE_SIGN_IDENTITY[sdk=iphoneos*]" = "iPhone Developer";
				COPY_PHASE_STRIP = NO;
				DEBUG_INFORMATION_FORMAT = "dwarf-with-dsym";
				ENABLE_NS_ASSERTIONS = NO;
				ENABLE_STRICT_OBJC_MSGSEND = YES;
				GCC_C_LANGUAGE_STANDARD = gnu99;
				GCC_NO_COMMON_BLOCKS = YES;
				GCC_WARN_64_TO_32_BIT_CONVERSION = YES;
				GCC_WARN_ABOUT_RETURN_TYPE = YES_ERROR;
				GCC_WARN_UNDECLARED_SELECTOR = YES;
				GCC_WARN_UNINITIALIZED_AUTOS = YES_AGGRESSIVE;
				GCC_WARN_UNUSED_FUNCTION = YES;
				GCC_WARN_UNUSED_VARIABLE = YES;
				IPHONEOS_DEPLOYMENT_TARGET = 10.1;
				MTL_ENABLE_DEBUG_INFO = NO;
				SDKROOT = iphoneos;
				SWIFT_OPTIMIZATION_LEVEL = "-Owholemodule";
				VALIDATE_PRODUCT = YES;
			};
			name = Release;
		};
		AE50822A1DE5F50400CAD295 /* Debug */ = {
			isa = XCBuildConfiguration;
			baseConfigurationReference = 585CCB19EF6851585958EAAC /* Pods-nickpick.debug.xcconfig */;
			buildSettings = {
				ASSETCATALOG_COMPILER_APPICON_NAME = AppIcon;
				DEVELOPMENT_TEAM = EC72RBY5Z6;
				INFOPLIST_FILE = nickpick/Info.plist;
				LD_RUNPATH_SEARCH_PATHS = "$(inherited) @executable_path/Frameworks";
				PRODUCT_BUNDLE_IDENTIFIER = me.zmicier.nickpick;
				PRODUCT_NAME = "$(TARGET_NAME)";
				SWIFT_VERSION = 3.0;
			};
			name = Debug;
		};
		AE50822B1DE5F50400CAD295 /* Release */ = {
			isa = XCBuildConfiguration;
			baseConfigurationReference = 4752ACB354C93D559D232661 /* Pods-nickpick.release.xcconfig */;
			buildSettings = {
				ASSETCATALOG_COMPILER_APPICON_NAME = AppIcon;
				DEVELOPMENT_TEAM = EC72RBY5Z6;
				INFOPLIST_FILE = nickpick/Info.plist;
				LD_RUNPATH_SEARCH_PATHS = "$(inherited) @executable_path/Frameworks";
				PRODUCT_BUNDLE_IDENTIFIER = me.zmicier.nickpick;
				PRODUCT_NAME = "$(TARGET_NAME)";
				SWIFT_VERSION = 3.0;
			};
			name = Release;
		};
		AE50822D1DE5F50400CAD295 /* Debug */ = {
			isa = XCBuildConfiguration;
			baseConfigurationReference = 5294281EF84F1C19519AA5C1 /* Pods-nickpickTests.debug.xcconfig */;
			buildSettings = {
				BUNDLE_LOADER = "$(TEST_HOST)";
				INFOPLIST_FILE = nickpickTests/Info.plist;
				LD_RUNPATH_SEARCH_PATHS = "$(inherited) @executable_path/Frameworks @loader_path/Frameworks";
				PRODUCT_BUNDLE_IDENTIFIER = me.zmicier.nickpickTests;
				PRODUCT_NAME = "$(TARGET_NAME)";
				SWIFT_VERSION = 3.0;
				TEST_HOST = "$(BUILT_PRODUCTS_DIR)/nickpick.app/nickpick";
			};
			name = Debug;
		};
		AE50822E1DE5F50400CAD295 /* Release */ = {
			isa = XCBuildConfiguration;
			baseConfigurationReference = A231E2D16225DAABD3D8771B /* Pods-nickpickTests.release.xcconfig */;
			buildSettings = {
				BUNDLE_LOADER = "$(TEST_HOST)";
				INFOPLIST_FILE = nickpickTests/Info.plist;
				LD_RUNPATH_SEARCH_PATHS = "$(inherited) @executable_path/Frameworks @loader_path/Frameworks";
				PRODUCT_BUNDLE_IDENTIFIER = me.zmicier.nickpickTests;
				PRODUCT_NAME = "$(TARGET_NAME)";
				SWIFT_VERSION = 3.0;
				TEST_HOST = "$(BUILT_PRODUCTS_DIR)/nickpick.app/nickpick";
			};
			name = Release;
		};
		AE5082301DE5F50400CAD295 /* Debug */ = {
			isa = XCBuildConfiguration;
			buildSettings = {
				INFOPLIST_FILE = nickpickUITests/Info.plist;
				LD_RUNPATH_SEARCH_PATHS = "$(inherited) @executable_path/Frameworks @loader_path/Frameworks";
				PRODUCT_BUNDLE_IDENTIFIER = me.zmicier.nickpickUITests;
				PRODUCT_NAME = "$(TARGET_NAME)";
				SWIFT_VERSION = 3.0;
				TEST_TARGET_NAME = nickpick;
			};
			name = Debug;
		};
		AE5082311DE5F50400CAD295 /* Release */ = {
			isa = XCBuildConfiguration;
			buildSettings = {
				INFOPLIST_FILE = nickpickUITests/Info.plist;
				LD_RUNPATH_SEARCH_PATHS = "$(inherited) @executable_path/Frameworks @loader_path/Frameworks";
				PRODUCT_BUNDLE_IDENTIFIER = me.zmicier.nickpickUITests;
				PRODUCT_NAME = "$(TARGET_NAME)";
				SWIFT_VERSION = 3.0;
				TEST_TARGET_NAME = nickpick;
			};
			name = Release;
		};
/* End XCBuildConfiguration section */

/* Begin XCConfigurationList section */
		AE5081FC1DE5F50400CAD295 /* Build configuration list for PBXProject "nickpick" */ = {
			isa = XCConfigurationList;
			buildConfigurations = (
				AE5082271DE5F50400CAD295 /* Debug */,
				AE5082281DE5F50400CAD295 /* Release */,
			);
			defaultConfigurationIsVisible = 0;
			defaultConfigurationName = Release;
		};
		AE5082291DE5F50400CAD295 /* Build configuration list for PBXNativeTarget "nickpick" */ = {
			isa = XCConfigurationList;
			buildConfigurations = (
				AE50822A1DE5F50400CAD295 /* Debug */,
				AE50822B1DE5F50400CAD295 /* Release */,
			);
			defaultConfigurationIsVisible = 0;
			defaultConfigurationName = Release;
		};
		AE50822C1DE5F50400CAD295 /* Build configuration list for PBXNativeTarget "nickpickTests" */ = {
			isa = XCConfigurationList;
			buildConfigurations = (
				AE50822D1DE5F50400CAD295 /* Debug */,
				AE50822E1DE5F50400CAD295 /* Release */,
			);
			defaultConfigurationIsVisible = 0;
			defaultConfigurationName = Release;
		};
		AE50822F1DE5F50400CAD295 /* Build configuration list for PBXNativeTarget "nickpickUITests" */ = {
			isa = XCConfigurationList;
			buildConfigurations = (
				AE5082301DE5F50400CAD295 /* Debug */,
				AE5082311DE5F50400CAD295 /* Release */,
			);
			defaultConfigurationIsVisible = 0;
			defaultConfigurationName = Release;
		};
/* End XCConfigurationList section */
	};
	rootObject = AE5081F91DE5F50400CAD295 /* Project object */;
}
